
Microsoft Visual Studio Solution File, Format Version 12.00
# Visual Studio Version 17
VisualStudioVersion = 17.4.33110.190
MinimumVisualStudioVersion = 10.0.40219.1
Project("{FAE04EC0-301F-11D3-BF4B-00C04F79EFBC}") = "Cap04.EntityFramework", "Cap04.EntityFramework\Cap04.EntityFramework.csproj", "{EC38E2A6-1A16-49B6-B231-3821699891C0}"
EndProject
Global
	GlobalSection(SolutionConfigurationPlatforms) = preSolution
		Debug|Any CPU = Debug|Any CPU
		Release|Any CPU = Release|Any CPU
	EndGlobalSection
	GlobalSection(ProjectConfigurationPlatforms) = postSolution
		{EC38E2A6-1A16-49B6-B231-3821699891C0}.Debug|Any CPU.ActiveCfg = Debug|Any CPU
		{EC38E2A6-1A16-49B6-B231-3821699891C0}.Debug|Any CPU.Build.0 = Debug|Any CPU
		{EC38E2A6-1A16-49B6-B231-3821699891C0}.Release|Any CPU.ActiveCfg = Release|Any CPU
		{EC38E2A6-1A16-49B6-B231-3821699891C0}.Release|Any CPU.Build.0 = Release|Any CPU
	EndGlobalSection
	GlobalSection(SolutionProperties) = preSolution
		HideSolutionNode = FALSE
	EndGlobalSection
	GlobalSection(ExtensibilityGlobals) = postSolution
		SolutionGuid = {63F3C9B1-30EE-45A3-8464-F4B09C2C9EDD}
	EndGlobalSection
EndGlobal
